
Microsoft Visual Studio Solution File, Format Version 12.00
# Visual Studio Version 17
VisualStudioVersion = 17.4.33213.308
MinimumVisualStudioVersion = 10.0.40219.1
Project("{FAE04EC0-301F-11D3-BF4B-00C04F79EFBC}") = "WpfApp1", "WpfApp1\WpfApp1.csproj", "{7695E9C4-8064-4077-BC84-FB76494549F7}"
EndProject
Global
	GlobalSection(SolutionConfigurationPlatforms) = preSolution
		Debug|Any CPU = Debug|Any CPU
		Release|Any CPU = Release|Any CPU
	EndGlobalSection
	GlobalSection(ProjectConfigurationPlatforms) = postSolution
		{7695E9C4-8064-4077-BC84-FB76494549F7}.Debug|Any CPU.ActiveCfg = Debug|Any CPU
		{7695E9C4-8064-4077-BC84-FB76494549F7}.Debug|Any CPU.Build.0 = Debug|Any CPU
		{7695E9C4-8064-4077-BC84-FB76494549F7}.Release|Any CPU.ActiveCfg = Release|Any CPU
		{7695E9C4-8064-4077-BC84-FB76494549F7}.Release|Any CPU.Build.0 = Release|Any CPU
	EndGlobalSection
	GlobalSection(SolutionProperties) = preSolution
		HideSolutionNode = FALSE
	EndGlobalSection
	GlobalSection(ExtensibilityGlobals) = postSolution
		SolutionGuid = {6BD989A7-7ACE-45D2-8768-10DDDAF95AE4}
	EndGlobalSection
EndGlobal
